// !$*UTF8*$!
{
	archiveVersion = 1;
	classes = {
	};
	objectVersion = 77;
	objects = {

/* Begin PBXContainerItemProxy section */
		F353735A2D773B960038C6F8 /* PBXContainerItemProxy */ = {
			isa = PBXContainerItemProxy;
			containerPortal = F353733A2D773B950038C6F8 /* Project object */;
			proxyType = 1;
			remoteGlobalIDString = F35373412D773B950038C6F8;
			remoteInfo = WhereAreMyStuffs;
		};
		F35373642D773B960038C6F8 /* PBXContainerItemProxy */ = {
			isa = PBXContainerItemProxy;
			containerPortal = F353733A2D773B950038C6F8 /* Project object */;
			proxyType = 1;
			remoteGlobalIDString = F35373412D773B950038C6F8;
			remoteInfo = WhereAreMyStuffs;
		};
/* End PBXContainerItemProxy section */

/* Begin PBXFileReference section */
		F35373422D773B950038C6F8 /* WhereAreMyStuffs.app */ = {isa = PBXFileReference; explicitFileType = wrapper.application; includeInIndex = 0; path = WhereAreMyStuffs.app; sourceTree = BUILT_PRODUCTS_DIR; };
		F35373592D773B960038C6F8 /* WhereAreMyStuffsTests.xctest */ = {isa = PBXFileReference; explicitFileType = wrapper.cfbundle; includeInIndex = 0; path = WhereAreMyStuffsTests.xctest; sourceTree = BUILT_PRODUCTS_DIR; };
		F35373632D773B960038C6F8 /* WhereAreMyStuffsUITests.xctest */ = {isa = PBXFileReference; explicitFileType = wrapper.cfbundle; includeInIndex = 0; path = WhereAreMyStuffsUITests.xctest; sourceTree = BUILT_PRODUCTS_DIR; };
/* End PBXFileReference section */

/* Begin PBXFileSystemSynchronizedBuildFileExceptionSet section */
		F353736B2D773B960038C6F8 /* Exceptions for "WhereAreMyStuffs" folder in "WhereAreMyStuffs" target */ = {
			isa = PBXFileSystemSynchronizedBuildFileExceptionSet;
			membershipExceptions = (
				Info.plist,
				WhereAreMyStuffs.xcdatamodel,
			);
			target = F35373412D773B950038C6F8 /* WhereAreMyStuffs */;
		};
/* End PBXFileSystemSynchronizedBuildFileExceptionSet section */

/* Begin PBXFileSystemSynchronizedGroupBuildPhaseMembershipExceptionSet section */
		F35373D02D7761390038C6F8 /* Exceptions for "WhereAreMyStuffs" folder in "Copy Bundle Resources" phase from "WhereAreMyStuffs" target */ = {
			isa = PBXFileSystemSynchronizedGroupBuildPhaseMembershipExceptionSet;
			buildPhase = F35373402D773B950038C6F8 /* Resources */;
			membershipExceptions = (
				WhereAreMyStuffs.xcdatamodel,
			);
		};
/* End PBXFileSystemSynchronizedGroupBuildPhaseMembershipExceptionSet section */

/* Begin PBXFileSystemSynchronizedRootGroup section */
		F35373442D773B950038C6F8 /* WhereAreMyStuffs */ = {
			isa = PBXFileSystemSynchronizedRootGroup;
			exceptions = (
				F353736B2D773B960038C6F8 /* Exceptions for "WhereAreMyStuffs" folder in "WhereAreMyStuffs" target */,
				F35373D02D7761390038C6F8 /* Exceptions for "WhereAreMyStuffs" folder in "Copy Bundle Resources" phase from "WhereAreMyStuffs" target */,
			);
			path = WhereAreMyStuffs;
			sourceTree = "<group>";
		};
		F353735C2D773B960038C6F8 /* WhereAreMyStuffsTests */ = {
			isa = PBXFileSystemSynchronizedRootGroup;
			path = WhereAreMyStuffsTests;
			sourceTree = "<group>";
		};
		F35373662D773B960038C6F8 /* WhereAreMyStuffsUITests */ = {
			isa = PBXFileSystemSynchronizedRootGroup;
			path = WhereAreMyStuffsUITests;
			sourceTree = "<group>";
		};
/* End PBXFileSystemSynchronizedRootGroup section */

/* Begin PBXFrameworksBuildPhase section */
		F353733F2D773B950038C6F8 /* Frameworks */ = {
			isa = PBXFrameworksBuildPhase;
			buildActionMask = 2147483647;
			files = (
			);
			runOnlyForDeploymentPostprocessing = 0;
		};
		F35373562D773B960038C6F8 /* Frameworks */ = {
			isa = PBXFrameworksBuildPhase;
			buildActionMask = 2147483647;
			files = (
			);
			runOnlyForDeploymentPostprocessing = 0;
		};
		F35373602D773B960038C6F8 /* Frameworks */ = {
			isa = PBXFrameworksBuildPhase;
			buildActionMask = 2147483647;
			files = (
			);
			runOnlyForDeploymentPostprocessing = 0;
		};
/* End PBXFrameworksBuildPhase section */

/* Begin PBXGroup section */
		F35373392D773B950038C6F8 = {
			isa = PBXGroup;
			children = (
				F35373442D773B950038C6F8 /* WhereAreMyStuffs */,
				F353735C2D773B960038C6F8 /* WhereAreMyStuffsTests */,
				F35373662D773B960038C6F8 /* WhereAreMyStuffsUITests */,
				F35373432D773B950038C6F8 /* Products */,
			);
			sourceTree = "<group>";
		};
		F35373432D773B950038C6F8 /* Products */ = {
			isa = PBXGroup;
			children = (
				F35373422D773B950038C6F8 /* WhereAreMyStuffs.app */,
				F35373592D773B960038C6F8 /* WhereAreMyStuffsTests.xctest */,
				F35373632D773B960038C6F8 /* WhereAreMyStuffsUITests.xctest */,
			);
			name = Products;
			sourceTree = "<group>";
		};
/* End PBXGroup section */

/* Begin PBXNativeTarget section */
		F35373412D773B950038C6F8 /* WhereAreMyStuffs */ = {
			isa = PBXNativeTarget;
			buildConfigurationList = F353736C2D773B960038C6F8 /* Build configuration list for PBXNativeTarget "WhereAreMyStuffs" */;
			buildPhases = (
				F353733E2D773B950038C6F8 /* Sources */,
				F353733F2D773B950038C6F8 /* Frameworks */,
				F35373402D773B950038C6F8 /* Resources */,
			);
			buildRules = (
			);
			dependencies = (
			);
			fileSystemSynchronizedGroups = (
				F35373442D773B950038C6F8 /* WhereAreMyStuffs */,
			);
			name = WhereAreMyStuffs;
			packageProductDependencies = (
			);
			productName = WhereAreMyStuffs;
			productReference = F35373422D773B950038C6F8 /* WhereAreMyStuffs.app */;
			productType = "com.apple.product-type.application";
		};
		F35373582D773B960038C6F8 /* WhereAreMyStuffsTests */ = {
			isa = PBXNativeTarget;
			buildConfigurationList = F35373712D773B960038C6F8 /* Build configuration list for PBXNativeTarget "WhereAreMyStuffsTests" */;
			buildPhases = (
				F35373552D773B960038C6F8 /* Sources */,
				F35373562D773B960038C6F8 /* Frameworks */,
				F35373572D773B960038C6F8 /* Resources */,
			);
			buildRules = (
			);
			dependencies = (
				F353735B2D773B960038C6F8 /* PBXTargetDependency */,
			);
			fileSystemSynchronizedGroups = (
				F353735C2D773B960038C6F8 /* WhereAreMyStuffsTests */,
			);
			name = WhereAreMyStuffsTests;
			packageProductDependencies = (
			);
			productName = WhereAreMyStuffsTests;
			productReference = F35373592D773B960038C6F8 /* WhereAreMyStuffsTests.xctest */;
			productType = "com.apple.product-type.bundle.unit-test";
		};
		F35373622D773B960038C6F8 /* WhereAreMyStuffsUITests */ = {
			isa = PBXNativeTarget;
			buildConfigurationList = F35373742D773B960038C6F8 /* Build configuration list for PBXNativeTarget "WhereAreMyStuffsUITests" */;
			buildPhases = (
				F353735F2D773B960038C6F8 /* Sources */,
				F35373602D773B960038C6F8 /* Frameworks */,
				F35373612D773B960038C6F8 /* Resources */,
			);
			buildRules = (
			);
			dependencies = (
				F35373652D773B960038C6F8 /* PBXTargetDependency */,
			);
			fileSystemSynchronizedGroups = (
				F35373662D773B960038C6F8 /* WhereAreMyStuffsUITests */,
			);
			name = WhereAreMyStuffsUITests;
			packageProductDependencies = (
			);
			productName = WhereAreMyStuffsUITests;
			productReference = F35373632D773B960038C6F8 /* WhereAreMyStuffsUITests.xctest */;
			productType = "com.apple.product-type.bundle.ui-testing";
		};
/* End PBXNativeTarget section */

/* Begin PBXProject section */
		F353733A2D773B950038C6F8 /* Project object */ = {
			isa = PBXProject;
			attributes = {
				BuildIndependentTargetsInParallel = 1;
				LastSwiftUpdateCheck = 1620;
				LastUpgradeCheck = 1620;
				TargetAttributes = {
					F35373412D773B950038C6F8 = {
						CreatedOnToolsVersion = 16.2;
					};
					F35373582D773B960038C6F8 = {
						CreatedOnToolsVersion = 16.2;
						TestTargetID = F35373412D773B950038C6F8;
					};
					F35373622D773B960038C6F8 = {
						CreatedOnToolsVersion = 16.2;
						TestTargetID = F35373412D773B950038C6F8;
					};
				};
			};
			buildConfigurationList = F353733D2D773B950038C6F8 /* Build configuration list for PBXProject "WhereAreMyStuffs" */;
			developmentRegion = en;
			hasScannedForEncodings = 0;
			knownRegions = (
				en,
				Base,
			);
			mainGroup = F35373392D773B950038C6F8;
			minimizedProjectReferenceProxies = 1;
			preferredProjectObjectVersion = 77;
			productRefGroup = F35373432D773B950038C6F8 /* Products */;
			projectDirPath = "";
			projectRoot = "";
			targets = (
				F35373412D773B950038C6F8 /* WhereAreMyStuffs */,
				F35373582D773B960038C6F8 /* WhereAreMyStuffsTests */,
				F35373622D773B960038C6F8 /* WhereAreMyStuffsUITests */,
			);
		};
/* End PBXProject section */

/* Begin PBXResourcesBuildPhase section */
		F35373402D773B950038C6F8 /* Resources */ = {
			isa = PBXResourcesBuildPhase;
			buildActionMask = 2147483647;
			files = (
			);
			runOnlyForDeploymentPostprocessing = 0;
		};
		F35373572D773B960038C6F8 /* Resources */ = {
			isa = PBXResourcesBuildPhase;
			buildActionMask = 2147483647;
			files = (
			);
			runOnlyForDeploymentPostprocessing = 0;
		};
		F35373612D773B960038C6F8 /* Resources */ = {
			isa = PBXResourcesBuildPhase;
			buildActionMask = 2147483647;
			files = (
			);
			runOnlyForDeploymentPostprocessing = 0;
		};
/* End PBXResourcesBuildPhase section */

/* Begin PBXSourcesBuildPhase section */
		F353733E2D773B950038C6F8 /* Sources */ = {
			isa = PBXSourcesBuildPhase;
			buildActionMask = 2147483647;
			files = (
			);
			runOnlyForDeploymentPostprocessing = 0;
		};
		F35373552D773B960038C6F8 /* Sources */ = {
			isa = PBXSourcesBuildPhase;
			buildActionMask = 2147483647;
			files = (
			);
			runOnlyForDeploymentPostprocessing = 0;
		};
		F353735F2D773B960038C6F8 /* Sources */ = {
			isa = PBXSourcesBuildPhase;
			buildActionMask = 2147483647;
			files = (
			);
			runOnlyForDeploymentPostprocessing = 0;
		};
/* End PBXSourcesBuildPhase section */

/* Begin PBXTargetDependency section */
		F353735B2D773B960038C6F8 /* PBXTargetDependency */ = {
			isa = PBXTargetDependency;
			target = F35373412D773B950038C6F8 /* WhereAreMyStuffs */;
			targetProxy = F353735A2D773B960038C6F8 /* PBXContainerItemProxy */;
		};
		F35373652D773B960038C6F8 /* PBXTargetDependency */ = {
			isa = PBXTargetDependency;
			target = F35373412D773B950038C6F8 /* WhereAreMyStuffs */;
			targetProxy = F35373642D773B960038C6F8 /* PBXContainerItemProxy */;
		};
/* End PBXTargetDependency section */

/* Begin XCBuildConfiguration section */
		F353736D2D773B960038C6F8 /* Debug */ = {
			isa = XCBuildConfiguration;
			buildSettings = {
				ASSETCATALOG_COMPILER_APPICON_NAME = AppIcon;
				ASSETCATALOG_COMPILER_GLOBAL_ACCENT_COLOR_NAME = AccentColor;
				CODE_SIGN_ENTITLEMENTS = WhereAreMyStuffs/WhereAreMyStuffs.entitlements;
				CODE_SIGN_STYLE = Automatic;
				CURRENT_PROJECT_VERSION = 1;
				DEVELOPMENT_ASSET_PATHS = "\"WhereAreMyStuffs/Preview Content\"";
				DEVELOPMENT_TEAM = J2F9B6BZ5U;
				ENABLE_PREVIEWS = YES;
				GENERATE_INFOPLIST_FILE = YES;
				INFOPLIST_FILE = WhereAreMyStuffs/Info.plist;
				INFOPLIST_KEY_NSCameraUsageDescription = "WhereAreMyStuffs needs camera access to take photos of your storage areas and items";
				INFOPLIST_KEY_NSPhotoLibraryUsageDescription = "WhereAreMyStuffs needs photo library access to select images for your storage areas and items";
				INFOPLIST_KEY_UIApplicationSceneManifest_Generation = YES;
				INFOPLIST_KEY_UIApplicationSupportsIndirectInputEvents = YES;
				INFOPLIST_KEY_UILaunchScreen_Generation = YES;
				INFOPLIST_KEY_UISupportedInterfaceOrientations_iPad = "UIInterfaceOrientationPortrait UIInterfaceOrientationPortraitUpsideDown UIInterfaceOrientationLandscapeLeft UIInterfaceOrientationLandscapeRight";
				INFOPLIST_KEY_UISupportedInterfaceOrientations_iPhone = "UIInterfaceOrientationPortrait UIInterfaceOrientationLandscapeLeft UIInterfaceOrientationLandscapeRight";
				LD_RUNPATH_SEARCH_PATHS = (
					"$(inherited)",
					"@executable_path/Frameworks",
				);
				MARKETING_VERSION = 1.0;
				PRODUCT_BUNDLE_IDENTIFIER = com.kcdev.WhereAreMyStuffs;
				PRODUCT_NAME = "$(TARGET_NAME)";
				SWIFT_EMIT_LOC_STRINGS = YES;
				SWIFT_VERSION = 5.0;
				TARGETED_DEVICE_FAMILY = "1,2";
			};
			name = Debug;
		};
		F353736E2D773B960038C6F8 /* Release */ = {
			isa = XCBuildConfiguration;
			buildSettings = {
				ASSETCATALOG_COMPILER_APPICON_NAME = AppIcon;
				ASSETCATALOG_COMPILER_GLOBAL_ACCENT_COLOR_NAME = AccentColor;
				CODE_SIGN_ENTITLEMENTS = WhereAreMyStuffs/WhereAreMyStuffs.entitlements;
				CODE_SIGN_STYLE = Automatic;
				CURRENT_PROJECT_VERSION = 1;
				DEVELOPMENT_ASSET_PATHS = "\"WhereAreMyStuffs/Preview Content\"";
				DEVELOPMENT_TEAM = J2F9B6BZ5U;
				ENABLE_PREVIEWS = YES;
				GENERATE_INFOPLIST_FILE = YES;
				INFOPLIST_FILE = WhereAreMyStuffs/Info.plist;
				INFOPLIST_KEY_NSCameraUsageDescription = "WhereAreMyStuffs needs camera access to take photos of your storage areas and items";
				INFOPLIST_KEY_NSPhotoLibraryUsageDescription = "WhereAreMyStuffs needs photo library access to select images for your storage areas and items";
				INFOPLIST_KEY_UIApplicationSceneManifest_Generation = YES;
				INFOPLIST_KEY_UIApplicationSupportsIndirectInputEvents = YES;
				INFOPLIST_KEY_UILaunchScreen_Generation = YES;
				INFOPLIST_KEY_UISupportedInterfaceOrientations_iPad = "UIInterfaceOrientationPortrait UIInterfaceOrientationPortraitUpsideDown UIInterfaceOrientationLandscapeLeft UIInterfaceOrientationLandscapeRight";
				INFOPLIST_KEY_UISupportedInterfaceOrientations_iPhone = "UIInterfaceOrientationPortrait UIInterfaceOrientationLandscapeLeft UIInterfaceOrientationLandscapeRight";
				LD_RUNPATH_SEARCH_PATHS = (
					"$(inherited)",
					"@executable_path/Frameworks",
				);
				MARKETING_VERSION = 1.0;
				PRODUCT_BUNDLE_IDENTIFIER = com.kcdev.WhereAreMyStuffs;
				PRODUCT_NAME = "$(TARGET_NAME)";
				SWIFT_EMIT_LOC_STRINGS = YES;
				SWIFT_VERSION = 5.0;
				TARGETED_DEVICE_FAMILY = "1,2";
			};
			name = Release;
		};
		F353736F2D773B960038C6F8 /* Debug */ = {
			isa = XCBuildConfiguration;
			buildSettings = {
				ALWAYS_SEARCH_USER_PATHS = NO;
				ASSETCATALOG_COMPILER_GENERATE_SWIFT_ASSET_SYMBOL_EXTENSIONS = YES;
				CLANG_ANALYZER_NONNULL = YES;
				CLANG_ANALYZER_NUMBER_OBJECT_CONVERSION = YES_AGGRESSIVE;
				CLANG_CXX_LANGUAGE_STANDARD = "gnu++20";
				CLANG_ENABLE_MODULES = YES;
				CLANG_ENABLE_OBJC_ARC = YES;
				CLANG_ENABLE_OBJC_WEAK = YES;
				CLANG_WARN_BLOCK_CAPTURE_AUTORELEASING = YES;
				CLANG_WARN_BOOL_CONVERSION = YES;
				CLANG_WARN_COMMA = YES;
				CLANG_WARN_CONSTANT_CONVERSION = YES;
				CLANG_WARN_DEPRECATED_OBJC_IMPLEMENTATIONS = YES;
				CLANG_WARN_DIRECT_OBJC_ISA_USAGE = YES_ERROR;
				CLANG_WARN_DOCUMENTATION_COMMENTS = YES;
				CLANG_WARN_EMPTY_BODY = YES;
				CLANG_WARN_ENUM_CONVERSION = YES;
				CLANG_WARN_INFINITE_RECURSION = YES;
				CLANG_WARN_INT_CONVERSION = YES;
				CLANG_WARN_NON_LITERAL_NULL_CONVERSION = YES;
				CLANG_WARN_OBJC_IMPLICIT_RETAIN_SELF = YES;
				CLANG_WARN_OBJC_LITERAL_CONVERSION = YES;
				CLANG_WARN_OBJC_ROOT_CLASS = YES_ERROR;
				CLANG_WARN_QUOTED_INCLUDE_IN_FRAMEWORK_HEADER = YES;
				CLANG_WARN_RANGE_LOOP_ANALYSIS = YES;
				CLANG_WARN_STRICT_PROTOTYPES = YES;
				CLANG_WARN_SUSPICIOUS_MOVE = YES;
				CLANG_WARN_UNGUARDED_AVAILABILITY = YES_AGGRESSIVE;
				CLANG_WARN_UNREACHABLE_CODE = YES;
				CLANG_WARN__DUPLICATE_METHOD_MATCH = YES;
				COPY_PHASE_STRIP = NO;
				DEBUG_INFORMATION_FORMAT = dwarf;
				ENABLE_STRICT_OBJC_MSGSEND = YES;
				ENABLE_TESTABILITY = YES;
				ENABLE_USER_SCRIPT_SANDBOXING = YES;
				GCC_C_LANGUAGE_STANDARD = gnu17;
				GCC_DYNAMIC_NO_PIC = NO;
				GCC_NO_COMMON_BLOCKS = YES;
				GCC_OPTIMIZATION_LEVEL = 0;
				GCC_PREPROCESSOR_DEFINITIONS = (
					"DEBUG=1",
					"$(inherited)",
				);
				GCC_WARN_64_TO_32_BIT_CONVERSION = YES;
				GCC_WARN_ABOUT_RETURN_TYPE = YES_ERROR;
				GCC_WARN_UNDECLARED_SELECTOR = YES;
				GCC_WARN_UNINITIALIZED_AUTOS = YES_AGGRESSIVE;
				GCC_WARN_UNUSED_FUNCTION = YES;
				GCC_WARN_UNUSED_VARIABLE = YES;
				IPHONEOS_DEPLOYMENT_TARGET = 18.2;
				LOCALIZATION_PREFERS_STRING_CATALOGS = YES;
				MTL_ENABLE_DEBUG_INFO = INCLUDE_SOURCE;
				MTL_FAST_MATH = YES;
				ONLY_ACTIVE_ARCH = YES;
				SDKROOT = iphoneos;
				SWIFT_ACTIVE_COMPILATION_CONDITIONS = "DEBUG $(inherited)";
				SWIFT_OPTIMIZATION_LEVEL = "-Onone";
			};
			name = Debug;
		};
		F35373702D773B960038C6F8 /* Release */ = {
			isa = XCBuildConfiguration;
			buildSettings = {
				ALWAYS_SEARCH_USER_PATHS = NO;
				ASSETCATALOG_COMPILER_GENERATE_SWIFT_ASSET_SYMBOL_EXTENSIONS = YES;
				CLANG_ANALYZER_NONNULL = YES;
				CLANG_ANALYZER_NUMBER_OBJECT_CONVERSION = YES_AGGRESSIVE;
				CLANG_CXX_LANGUAGE_STANDARD = "gnu++20";
				CLANG_ENABLE_MODULES = YES;
				CLANG_ENABLE_OBJC_ARC = YES;
				CLANG_ENABLE_OBJC_WEAK = YES;
				CLANG_WARN_BLOCK_CAPTURE_AUTORELEASING = YES;
				CLANG_WARN_BOOL_CONVERSION = YES;
				CLANG_WARN_COMMA = YES;
				CLANG_WARN_CONSTANT_CONVERSION = YES;
				CLANG_WARN_DEPRECATED_OBJC_IMPLEMENTATIONS = YES;
				CLANG_WARN_DIRECT_OBJC_ISA_USAGE = YES_ERROR;
				CLANG_WARN_DOCUMENTATION_COMMENTS = YES;
				CLANG_WARN_EMPTY_BODY = YES;
				CLANG_WARN_ENUM_CONVERSION = YES;
				CLANG_WARN_INFINITE_RECURSION = YES;
				CLANG_WARN_INT_CONVERSION = YES;
				CLANG_WARN_NON_LITERAL_NULL_CONVERSION = YES;
				CLANG_WARN_OBJC_IMPLICIT_RETAIN_SELF = YES;
				CLANG_WARN_OBJC_LITERAL_CONVERSION = YES;
				CLANG_WARN_OBJC_ROOT_CLASS = YES_ERROR;
				CLANG_WARN_QUOTED_INCLUDE_IN_FRAMEWORK_HEADER = YES;
				CLANG_WARN_RANGE_LOOP_ANALYSIS = YES;
				CLANG_WARN_STRICT_PROTOTYPES = YES;
				CLANG_WARN_SUSPICIOUS_MOVE = YES;
				CLANG_WARN_UNGUARDED_AVAILABILITY = YES_AGGRESSIVE;
				CLANG_WARN_UNREACHABLE_CODE = YES;
				CLANG_WARN__DUPLICATE_METHOD_MATCH = YES;
				COPY_PHASE_STRIP = NO;
				DEBUG_INFORMATION_FORMAT = "dwarf-with-dsym";
				ENABLE_NS_ASSERTIONS = NO;
				ENABLE_STRICT_OBJC_MSGSEND = YES;
				ENABLE_USER_SCRIPT_SANDBOXING = YES;
				GCC_C_LANGUAGE_STANDARD = gnu17;
				GCC_NO_COMMON_BLOCKS = YES;
				GCC_WARN_64_TO_32_BIT_CONVERSION = YES;
				GCC_WARN_ABOUT_RETURN_TYPE = YES_ERROR;
				GCC_WARN_UNDECLARED_SELECTOR = YES;
				GCC_WARN_UNINITIALIZED_AUTOS = YES_AGGRESSIVE;
				GCC_WARN_UNUSED_FUNCTION = YES;
				GCC_WARN_UNUSED_VARIABLE = YES;
				IPHONEOS_DEPLOYMENT_TARGET = 18.2;
				LOCALIZATION_PREFERS_STRING_CATALOGS = YES;
				MTL_ENABLE_DEBUG_INFO = NO;
				MTL_FAST_MATH = YES;
				SDKROOT = iphoneos;
				SWIFT_COMPILATION_MODE = wholemodule;
				VALIDATE_PRODUCT = YES;
			};
			name = Release;
		};
		F35373722D773B960038C6F8 /* Debug */ = {
			isa = XCBuildConfiguration;
			buildSettings = {
				BUNDLE_LOADER = "$(TEST_HOST)";
				CODE_SIGN_STYLE = Automatic;
				CURRENT_PROJECT_VERSION = 1;
				DEVELOPMENT_TEAM = J2F9B6BZ5U;
				GENERATE_INFOPLIST_FILE = YES;
				IPHONEOS_DEPLOYMENT_TARGET = 18.2;
				MARKETING_VERSION = 1.0;
				PRODUCT_BUNDLE_IDENTIFIER = com.kcdev.WhereAreMyStuffsTests;
				PRODUCT_NAME = "$(TARGET_NAME)";
				SWIFT_EMIT_LOC_STRINGS = NO;
				SWIFT_VERSION = 5.0;
				TARGETED_DEVICE_FAMILY = "1,2";
				TEST_HOST = "$(BUILT_PRODUCTS_DIR)/WhereAreMyStuffs.app/$(BUNDLE_EXECUTABLE_FOLDER_PATH)/WhereAreMyStuffs";
			};
			name = Debug;
		};
		F35373732D773B960038C6F8 /* Release */ = {
			isa = XCBuildConfiguration;
			buildSettings = {
				BUNDLE_LOADER = "$(TEST_HOST)";
				CODE_SIGN_STYLE = Automatic;
				CURRENT_PROJECT_VERSION = 1;
				DEVELOPMENT_TEAM = J2F9B6BZ5U;
				GENERATE_INFOPLIST_FILE = YES;
				IPHONEOS_DEPLOYMENT_TARGET = 18.2;
				MARKETING_VERSION = 1.0;
				PRODUCT_BUNDLE_IDENTIFIER = com.kcdev.WhereAreMyStuffsTests;
				PRODUCT_NAME = "$(TARGET_NAME)";
				SWIFT_EMIT_LOC_STRINGS = NO;
				SWIFT_VERSION = 5.0;
				TARGETED_DEVICE_FAMILY = "1,2";
				TEST_HOST = "$(BUILT_PRODUCTS_DIR)/WhereAreMyStuffs.app/$(BUNDLE_EXECUTABLE_FOLDER_PATH)/WhereAreMyStuffs";
			};
			name = Release;
		};
		F35373752D773B960038C6F8 /* Debug */ = {
			isa = XCBuildConfiguration;
			buildSettings = {
				CODE_SIGN_STYLE = Automatic;
				CURRENT_PROJECT_VERSION = 1;
				DEVELOPMENT_TEAM = J2F9B6BZ5U;
				GENERATE_INFOPLIST_FILE = YES;
				MARKETING_VERSION = 1.0;
				PRODUCT_BUNDLE_IDENTIFIER = com.kcdev.WhereAreMyStuffsUITests;
				PRODUCT_NAME = "$(TARGET_NAME)";
				SWIFT_EMIT_LOC_STRINGS = NO;
				SWIFT_VERSION = 5.0;
				TARGETED_DEVICE_FAMILY = "1,2";
				TEST_TARGET_NAME = WhereAreMyStuffs;
			};
			name = Debug;
		};
		F35373762D773B960038C6F8 /* Release */ = {
			isa = XCBuildConfiguration;
			buildSettings = {
				CODE_SIGN_STYLE = Automatic;
				CURRENT_PROJECT_VERSION = 1;
				DEVELOPMENT_TEAM = J2F9B6BZ5U;
				GENERATE_INFOPLIST_FILE = YES;
				MARKETING_VERSION = 1.0;
				PRODUCT_BUNDLE_IDENTIFIER = com.kcdev.WhereAreMyStuffsUITests;
				PRODUCT_NAME = "$(TARGET_NAME)";
				SWIFT_EMIT_LOC_STRINGS = NO;
				SWIFT_VERSION = 5.0;
				TARGETED_DEVICE_FAMILY = "1,2";
				TEST_TARGET_NAME = WhereAreMyStuffs;
			};
			name = Release;
		};
/* End XCBuildConfiguration section */

/* Begin XCConfigurationList section */
		F353733D2D773B950038C6F8 /* Build configuration list for PBXProject "WhereAreMyStuffs" */ = {
			isa = XCConfigurationList;
			buildConfigurations = (
				F353736F2D773B960038C6F8 /* Debug */,
				F35373702D773B960038C6F8 /* Release */,
			);
			defaultConfigurationIsVisible = 0;
			defaultConfigurationName = Release;
		};
		F353736C2D773B960038C6F8 /* Build configuration list for PBXNativeTarget "WhereAreMyStuffs" */ = {
			isa = XCConfigurationList;
			buildConfigurations = (
				F353736D2D773B960038C6F8 /* Debug */,
				F353736E2D773B960038C6F8 /* Release */,
			);
			defaultConfigurationIsVisible = 0;
			defaultConfigurationName = Release;
		};
		F35373712D773B960038C6F8 /* Build configuration list for PBXNativeTarget "WhereAreMyStuffsTests" */ = {
			isa = XCConfigurationList;
			buildConfigurations = (
				F35373722D773B960038C6F8 /* Debug */,
				F35373732D773B960038C6F8 /* Release */,
			);
			defaultConfigurationIsVisible = 0;
			defaultConfigurationName = Release;
		};
		F35373742D773B960038C6F8 /* Build configuration list for PBXNativeTarget "WhereAreMyStuffsUITests" */ = {
			isa = XCConfigurationList;
			buildConfigurations = (
				F35373752D773B960038C6F8 /* Debug */,
				F35373762D773B960038C6F8 /* Release */,
			);
			defaultConfigurationIsVisible = 0;
			defaultConfigurationName = Release;
		};
/* End XCConfigurationList section */
	};
	rootObject = F353733A2D773B950038C6F8 /* Project object */;
}
